// !$*UTF8*$!
{
	archiveVersion = 1;
	classes = {
	};
	objectVersion = 77;
	objects = {

/* Begin PBXContainerItemProxy section */
		12C396572EAEAC7100688B8A /* PBXContainerItemProxy */ = {
			isa = PBXContainerItemProxy;
			containerPortal = 12C3963E2EAEAC7000688B8A /* Project object */;
			proxyType = 1;
			remoteGlobalIDString = 12C396452EAEAC7000688B8A;
			remoteInfo = FlashcardsTrainer;
		};
		12C396612EAEAC7100688B8A /* PBXContainerItemProxy */ = {
			isa = PBXContainerItemProxy;
			containerPortal = 12C3963E2EAEAC7000688B8A /* Project object */;
			proxyType = 1;
			remoteGlobalIDString = 12C396452EAEAC7000688B8A;
			remoteInfo = FlashcardsTrainer;
		};
/* End PBXContainerItemProxy section */

/* Begin PBXFileReference section */
		12C396462EAEAC7000688B8A /* FlashcardsTrainer.app */ = {isa = PBXFileReference; explicitFileType = wrapper.application; includeInIndex = 0; path = FlashcardsTrainer.app; sourceTree = BUILT_PRODUCTS_DIR; };
		12C396562EAEAC7100688B8A /* FlashcardsTrainerTests.xctest */ = {isa = PBXFileReference; explicitFileType = wrapper.cfbundle; includeInIndex = 0; path = FlashcardsTrainerTests.xctest; sourceTree = BUILT_PRODUCTS_DIR; };
		12C396602EAEAC7100688B8A /* FlashcardsTrainerUITests.xctest */ = {isa = PBXFileReference; explicitFileType = wrapper.cfbundle; includeInIndex = 0; path = FlashcardsTrainerUITests.xctest; sourceTree = BUILT_PRODUCTS_DIR; };
/* End PBXFileReference section */

/* Begin PBXFileSystemSynchronizedRootGroup section */
		12C396482EAEAC7000688B8A /* FlashcardsTrainer */ = {
			isa = PBXFileSystemSynchronizedRootGroup;
			path = FlashcardsTrainer;
			sourceTree = "<group>";
		};
		12C396592EAEAC7100688B8A /* FlashcardsTrainerTests */ = {
			isa = PBXFileSystemSynchronizedRootGroup;
			path = FlashcardsTrainerTests;
			sourceTree = "<group>";
		};
		12C396632EAEAC7100688B8A /* FlashcardsTrainerUITests */ = {
			isa = PBXFileSystemSynchronizedRootGroup;
			path = FlashcardsTrainerUITests;
			sourceTree = "<group>";
		};
/* End PBXFileSystemSynchronizedRootGroup section */

/* Begin PBXFrameworksBuildPhase section */
		12C396432EAEAC7000688B8A /* Frameworks */ = {
			isa = PBXFrameworksBuildPhase;
			buildActionMask = 2147483647;
			files = (
			);
			runOnlyForDeploymentPostprocessing = 0;
		};
		12C396532EAEAC7100688B8A /* Frameworks */ = {
			isa = PBXFrameworksBuildPhase;
			buildActionMask = 2147483647;
			files = (
			);
			runOnlyForDeploymentPostprocessing = 0;
		};
		12C3965D2EAEAC7100688B8A /* Frameworks */ = {
			isa = PBXFrameworksBuildPhase;
			buildActionMask = 2147483647;
			files = (
			);
			runOnlyForDeploymentPostprocessing = 0;
		};
/* End PBXFrameworksBuildPhase section */

/* Begin PBXGroup section */
		12C3963D2EAEAC7000688B8A = {
			isa = PBXGroup;
			children = (
				12C396482EAEAC7000688B8A /* FlashcardsTrainer */,
				12C396592EAEAC7100688B8A /* FlashcardsTrainerTests */,
				12C396632EAEAC7100688B8A /* FlashcardsTrainerUITests */,
				12C396472EAEAC7000688B8A /* Products */,
			);
			sourceTree = "<group>";
		};
		12C396472EAEAC7000688B8A /* Products */ = {
			isa = PBXGroup;
			children = (
				12C396462EAEAC7000688B8A /* FlashcardsTrainer.app */,
				12C396562EAEAC7100688B8A /* FlashcardsTrainerTests.xctest */,
				12C396602EAEAC7100688B8A /* FlashcardsTrainerUITests.xctest */,
			);
			name = Products;
			sourceTree = "<group>";
		};
/* End PBXGroup section */

/* Begin PBXNativeTarget section */
		12C396452EAEAC7000688B8A /* FlashcardsTrainer */ = {
			isa = PBXNativeTarget;
			buildConfigurationList = 12C3966A2EAEAC7100688B8A /* Build configuration list for PBXNativeTarget "FlashcardsTrainer" */;
			buildPhases = (
				12C396422EAEAC7000688B8A /* Sources */,
				12C396432EAEAC7000688B8A /* Frameworks */,
				12C396442EAEAC7000688B8A /* Resources */,
			);
			buildRules = (
			);
			dependencies = (
			);
			fileSystemSynchronizedGroups = (
				12C396482EAEAC7000688B8A /* FlashcardsTrainer */,
			);
			name = FlashcardsTrainer;
			packageProductDependencies = (
			);
			productName = FlashcardsTrainer;
			productReference = 12C396462EAEAC7000688B8A /* FlashcardsTrainer.app */;
			productType = "com.apple.product-type.application";
		};
		12C396552EAEAC7100688B8A /* FlashcardsTrainerTests */ = {
			isa = PBXNativeTarget;
			buildConfigurationList = 12C3966D2EAEAC7100688B8A /* Build configuration list for PBXNativeTarget "FlashcardsTrainerTests" */;
			buildPhases = (
				12C396522EAEAC7100688B8A /* Sources */,
				12C396532EAEAC7100688B8A /* Frameworks */,
				12C396542EAEAC7100688B8A /* Resources */,
			);
			buildRules = (
			);
			dependencies = (
				12C396582EAEAC7100688B8A /* PBXTargetDependency */,
			);
			fileSystemSynchronizedGroups = (
				12C396592EAEAC7100688B8A /* FlashcardsTrainerTests */,
			);
			name = FlashcardsTrainerTests;
			packageProductDependencies = (
			);
			productName = FlashcardsTrainerTests;
			productReference = 12C396562EAEAC7100688B8A /* FlashcardsTrainerTests.xctest */;
			productType = "com.apple.product-type.bundle.unit-test";
		};
		12C3965F2EAEAC7100688B8A /* FlashcardsTrainerUITests */ = {
			isa = PBXNativeTarget;
			buildConfigurationList = 12C396702EAEAC7100688B8A /* Build configuration list for PBXNativeTarget "FlashcardsTrainerUITests" */;
			buildPhases = (
				12C3965C2EAEAC7100688B8A /* Sources */,
				12C3965D2EAEAC7100688B8A /* Frameworks */,
				12C3965E2EAEAC7100688B8A /* Resources */,
			);
			buildRules = (
			);
			dependencies = (
				12C396622EAEAC7100688B8A /* PBXTargetDependency */,
			);
			fileSystemSynchronizedGroups = (
				12C396632EAEAC7100688B8A /* FlashcardsTrainerUITests */,
			);
			name = FlashcardsTrainerUITests;
			packageProductDependencies = (
			);
			productName = FlashcardsTrainerUITests;
			productReference = 12C396602EAEAC7100688B8A /* FlashcardsTrainerUITests.xctest */;
			productType = "com.apple.product-type.bundle.ui-testing";
		};
/* End PBXNativeTarget section */

/* Begin PBXProject section */
		12C3963E2EAEAC7000688B8A /* Project object */ = {
			isa = PBXProject;
			attributes = {
				BuildIndependentTargetsInParallel = 1;
				LastSwiftUpdateCheck = 1620;
				LastUpgradeCheck = 1620;
				TargetAttributes = {
					12C396452EAEAC7000688B8A = {
						CreatedOnToolsVersion = 16.2;
					};
					12C396552EAEAC7100688B8A = {
						CreatedOnToolsVersion = 16.2;
						TestTargetID = 12C396452EAEAC7000688B8A;
					};
					12C3965F2EAEAC7100688B8A = {
						CreatedOnToolsVersion = 16.2;
						TestTargetID = 12C396452EAEAC7000688B8A;
					};
				};
			};
			buildConfigurationList = 12C396412EAEAC7000688B8A /* Build configuration list for PBXProject "FlashcardsTrainer" */;
			developmentRegion = en;
			hasScannedForEncodings = 0;
			knownRegions = (
				en,
				Base,
				es,
			);
			mainGroup = 12C3963D2EAEAC7000688B8A;
			minimizedProjectReferenceProxies = 1;
			preferredProjectObjectVersion = 77;
			productRefGroup = 12C396472EAEAC7000688B8A /* Products */;
			projectDirPath = "";
			projectRoot = "";
			targets = (
				12C396452EAEAC7000688B8A /* FlashcardsTrainer */,
				12C396552EAEAC7100688B8A /* FlashcardsTrainerTests */,
				12C3965F2EAEAC7100688B8A /* FlashcardsTrainerUITests */,
			);
		};
/* End PBXProject section */

/* Begin PBXResourcesBuildPhase section */
		12C396442EAEAC7000688B8A /* Resources */ = {
			isa = PBXResourcesBuildPhase;
			buildActionMask = 2147483647;
			files = (
			);
			runOnlyForDeploymentPostprocessing = 0;
		};
		12C396542EAEAC7100688B8A /* Resources */ = {
			isa = PBXResourcesBuildPhase;
			buildActionMask = 2147483647;
			files = (
			);
			runOnlyForDeploymentPostprocessing = 0;
		};
		12C3965E2EAEAC7100688B8A /* Resources */ = {
			isa = PBXResourcesBuildPhase;
			buildActionMask = 2147483647;
			files = (
			);
			runOnlyForDeploymentPostprocessing = 0;
		};
/* End PBXResourcesBuildPhase section */

/* Begin PBXSourcesBuildPhase section */
		12C396422EAEAC7000688B8A /* Sources */ = {
			isa = PBXSourcesBuildPhase;
			buildActionMask = 2147483647;
			files = (
			);
			runOnlyForDeploymentPostprocessing = 0;
		};
		12C396522EAEAC7100688B8A /* Sources */ = {
			isa = PBXSourcesBuildPhase;
			buildActionMask = 2147483647;
			files = (
			);
			runOnlyForDeploymentPostprocessing = 0;
		};
		12C3965C2EAEAC7100688B8A /* Sources */ = {
			isa = PBXSourcesBuildPhase;
			buildActionMask = 2147483647;
			files = (
			);
			runOnlyForDeploymentPostprocessing = 0;
		};
/* End PBXSourcesBuildPhase section */

/* Begin PBXTargetDependency section */
		12C396582EAEAC7100688B8A /* PBXTargetDependency */ = {
			isa = PBXTargetDependency;
			target = 12C396452EAEAC7000688B8A /* FlashcardsTrainer */;
			targetProxy = 12C396572EAEAC7100688B8A /* PBXContainerItemProxy */;
		};
		12C396622EAEAC7100688B8A /* PBXTargetDependency */ = {
			isa = PBXTargetDependency;
			target = 12C396452EAEAC7000688B8A /* FlashcardsTrainer */;
			targetProxy = 12C396612EAEAC7100688B8A /* PBXContainerItemProxy */;
		};
/* End PBXTargetDependency section */

/* Begin XCBuildConfiguration section */
		12C396682EAEAC7100688B8A /* Debug */ = {
			isa = XCBuildConfiguration;
			buildSettings = {
				ALWAYS_SEARCH_USER_PATHS = NO;
				ASSETCATALOG_COMPILER_GENERATE_SWIFT_ASSET_SYMBOL_EXTENSIONS = YES;
				CLANG_ANALYZER_NONNULL = YES;
				CLANG_ANALYZER_NUMBER_OBJECT_CONVERSION = YES_AGGRESSIVE;
				CLANG_CXX_LANGUAGE_STANDARD = "gnu++20";
				CLANG_ENABLE_MODULES = YES;
				CLANG_ENABLE_OBJC_ARC = YES;
				CLANG_ENABLE_OBJC_WEAK = YES;
				CLANG_WARN_BLOCK_CAPTURE_AUTORELEASING = YES;
				CLANG_WARN_BOOL_CONVERSION = YES;
				CLANG_WARN_COMMA = YES;
				CLANG_WARN_CONSTANT_CONVERSION = YES;
				CLANG_WARN_DEPRECATED_OBJC_IMPLEMENTATIONS = YES;
				CLANG_WARN_DIRECT_OBJC_ISA_USAGE = YES_ERROR;
				CLANG_WARN_DOCUMENTATION_COMMENTS = YES;
				CLANG_WARN_EMPTY_BODY = YES;
				CLANG_WARN_ENUM_CONVERSION = YES;
				CLANG_WARN_INFINITE_RECURSION = YES;
				CLANG_WARN_INT_CONVERSION = YES;
				CLANG_WARN_NON_LITERAL_NULL_CONVERSION = YES;
				CLANG_WARN_OBJC_IMPLICIT_RETAIN_SELF = YES;
				CLANG_WARN_OBJC_LITERAL_CONVERSION = YES;
				CLANG_WARN_OBJC_ROOT_CLASS = YES_ERROR;
				CLANG_WARN_QUOTED_INCLUDE_IN_FRAMEWORK_HEADER = YES;
				CLANG_WARN_RANGE_LOOP_ANALYSIS = YES;
				CLANG_WARN_STRICT_PROTOTYPES = YES;
				CLANG_WARN_SUSPICIOUS_MOVE = YES;
				CLANG_WARN_UNGUARDED_AVAILABILITY = YES_AGGRESSIVE;
				CLANG_WARN_UNREACHABLE_CODE = YES;
				CLANG_WARN__DUPLICATE_METHOD_MATCH = YES;
				COPY_PHASE_STRIP = NO;
				DEBUG_INFORMATION_FORMAT = dwarf;
				ENABLE_STRICT_OBJC_MSGSEND = YES;
				ENABLE_TESTABILITY = YES;
				ENABLE_USER_SCRIPT_SANDBOXING = YES;
				GCC_C_LANGUAGE_STANDARD = gnu17;
				GCC_DYNAMIC_NO_PIC = NO;
				GCC_NO_COMMON_BLOCKS = YES;
				GCC_OPTIMIZATION_LEVEL = 0;
				GCC_PREPROCESSOR_DEFINITIONS = (
					"DEBUG=1",
					"$(inherited)",
				);
				GCC_WARN_64_TO_32_BIT_CONVERSION = YES;
				GCC_WARN_ABOUT_RETURN_TYPE = YES_ERROR;
				GCC_WARN_UNDECLARED_SELECTOR = YES;
				GCC_WARN_UNINITIALIZED_AUTOS = YES_AGGRESSIVE;
				GCC_WARN_UNUSED_FUNCTION = YES;
				GCC_WARN_UNUSED_VARIABLE = YES;
				IPHONEOS_DEPLOYMENT_TARGET = 18.2;
				LOCALIZATION_PREFERS_STRING_CATALOGS = YES;
				MTL_ENABLE_DEBUG_INFO = INCLUDE_SOURCE;
				MTL_FAST_MATH = YES;
				ONLY_ACTIVE_ARCH = YES;
				SDKROOT = iphoneos;
				SWIFT_ACTIVE_COMPILATION_CONDITIONS = "DEBUG $(inherited)";
				SWIFT_OPTIMIZATION_LEVEL = "-Onone";
			};
			name = Debug;
		};
		12C396692EAEAC7100688B8A /* Release */ = {
			isa = XCBuildConfiguration;
			buildSettings = {
				ALWAYS_SEARCH_USER_PATHS = NO;
				ASSETCATALOG_COMPILER_GENERATE_SWIFT_ASSET_SYMBOL_EXTENSIONS = YES;
				CLANG_ANALYZER_NONNULL = YES;
				CLANG_ANALYZER_NUMBER_OBJECT_CONVERSION = YES_AGGRESSIVE;
				CLANG_CXX_LANGUAGE_STANDARD = "gnu++20";
				CLANG_ENABLE_MODULES = YES;
				CLANG_ENABLE_OBJC_ARC = YES;
				CLANG_ENABLE_OBJC_WEAK = YES;
				CLANG_WARN_BLOCK_CAPTURE_AUTORELEASING = YES;
				CLANG_WARN_BOOL_CONVERSION = YES;
				CLANG_WARN_COMMA = YES;
				CLANG_WARN_CONSTANT_CONVERSION = YES;
				CLANG_WARN_DEPRECATED_OBJC_IMPLEMENTATIONS = YES;
				CLANG_WARN_DIRECT_OBJC_ISA_USAGE = YES_ERROR;
				CLANG_WARN_DOCUMENTATION_COMMENTS = YES;
				CLANG_WARN_EMPTY_BODY = YES;
				CLANG_WARN_ENUM_CONVERSION = YES;
				CLANG_WARN_INFINITE_RECURSION = YES;
				CLANG_WARN_INT_CONVERSION = YES;
				CLANG_WARN_NON_LITERAL_NULL_CONVERSION = YES;
				CLANG_WARN_OBJC_IMPLICIT_RETAIN_SELF = YES;
				CLANG_WARN_OBJC_LITERAL_CONVERSION = YES;
				CLANG_WARN_OBJC_ROOT_CLASS = YES_ERROR;
				CLANG_WARN_QUOTED_INCLUDE_IN_FRAMEWORK_HEADER = YES;
				CLANG_WARN_RANGE_LOOP_ANALYSIS = YES;
				CLANG_WARN_STRICT_PROTOTYPES = YES;
				CLANG_WARN_SUSPICIOUS_MOVE = YES;
				CLANG_WARN_UNGUARDED_AVAILABILITY = YES_AGGRESSIVE;
				CLANG_WARN_UNREACHABLE_CODE = YES;
				CLANG_WARN__DUPLICATE_METHOD_MATCH = YES;
				COPY_PHASE_STRIP = NO;
				DEBUG_INFORMATION_FORMAT = "dwarf-with-dsym";
				ENABLE_NS_ASSERTIONS = NO;
				ENABLE_STRICT_OBJC_MSGSEND = YES;
				ENABLE_USER_SCRIPT_SANDBOXING = YES;
				GCC_C_LANGUAGE_STANDARD = gnu17;
				GCC_NO_COMMON_BLOCKS = YES;
				GCC_WARN_64_TO_32_BIT_CONVERSION = YES;
				GCC_WARN_ABOUT_RETURN_TYPE = YES_ERROR;
				GCC_WARN_UNDECLARED_SELECTOR = YES;
				GCC_WARN_UNINITIALIZED_AUTOS = YES_AGGRESSIVE;
				GCC_WARN_UNUSED_FUNCTION = YES;
				GCC_WARN_UNUSED_VARIABLE = YES;
				IPHONEOS_DEPLOYMENT_TARGET = 18.2;
				LOCALIZATION_PREFERS_STRING_CATALOGS = YES;
				MTL_ENABLE_DEBUG_INFO = NO;
				MTL_FAST_MATH = YES;
				SDKROOT = iphoneos;
				SWIFT_COMPILATION_MODE = wholemodule;
				VALIDATE_PRODUCT = YES;
			};
			name = Release;
		};
		12C3966B2EAEAC7100688B8A /* Debug */ = {
			isa = XCBuildConfiguration;
			buildSettings = {
				ASSETCATALOG_COMPILER_APPICON_NAME = AppIcon;
				ASSETCATALOG_COMPILER_GLOBAL_ACCENT_COLOR_NAME = AccentColor;
				CODE_SIGN_STYLE = Automatic;
				CURRENT_PROJECT_VERSION = 1;
				DEVELOPMENT_ASSET_PATHS = "\"FlashcardsTrainer/Preview Content\"";
				DEVELOPMENT_TEAM = WVJ7R4H8G7;
				ENABLE_PREVIEWS = YES;
				GENERATE_INFOPLIST_FILE = YES;
				INFOPLIST_KEY_UIApplicationSceneManifest_Generation = YES;
				INFOPLIST_KEY_UIApplicationSupportsIndirectInputEvents = YES;
				INFOPLIST_KEY_UILaunchScreen_Generation = YES;
				INFOPLIST_KEY_UISupportedInterfaceOrientations_iPad = "UIInterfaceOrientationPortrait UIInterfaceOrientationPortraitUpsideDown UIInterfaceOrientationLandscapeLeft UIInterfaceOrientationLandscapeRight";
				INFOPLIST_KEY_UISupportedInterfaceOrientations_iPhone = "UIInterfaceOrientationPortrait UIInterfaceOrientationLandscapeLeft UIInterfaceOrientationLandscapeRight";
				LD_RUNPATH_SEARCH_PATHS = (
					"$(inherited)",
					"@executable_path/Frameworks",
				);
				MARKETING_VERSION = 1.0;
				PRODUCT_BUNDLE_IDENTIFIER = com.caleb.FlashcardsTrainer;
				PRODUCT_NAME = "$(TARGET_NAME)";
				SWIFT_EMIT_LOC_STRINGS = YES;
				SWIFT_VERSION = 5.0;
				TARGETED_DEVICE_FAMILY = "1,2";
			};
			name = Debug;
		};
		12C3966C2EAEAC7100688B8A /* Release */ = {
			isa = XCBuildConfiguration;
			buildSettings = {
				ASSETCATALOG_COMPILER_APPICON_NAME = AppIcon;
				ASSETCATALOG_COMPILER_GLOBAL_ACCENT_COLOR_NAME = AccentColor;
				CODE_SIGN_STYLE = Automatic;
				CURRENT_PROJECT_VERSION = 1;
				DEVELOPMENT_ASSET_PATHS = "\"FlashcardsTrainer/Preview Content\"";
				DEVELOPMENT_TEAM = WVJ7R4H8G7;
				ENABLE_PREVIEWS = YES;
				GENERATE_INFOPLIST_FILE = YES;
				INFOPLIST_KEY_UIApplicationSceneManifest_Generation = YES;
				INFOPLIST_KEY_UIApplicationSupportsIndirectInputEvents = YES;
				INFOPLIST_KEY_UILaunchScreen_Generation = YES;
				INFOPLIST_KEY_UISupportedInterfaceOrientations_iPad = "UIInterfaceOrientationPortrait UIInterfaceOrientationPortraitUpsideDown UIInterfaceOrientationLandscapeLeft UIInterfaceOrientationLandscapeRight";
				INFOPLIST_KEY_UISupportedInterfaceOrientations_iPhone = "UIInterfaceOrientationPortrait UIInterfaceOrientationLandscapeLeft UIInterfaceOrientationLandscapeRight";
				LD_RUNPATH_SEARCH_PATHS = (
					"$(inherited)",
					"@executable_path/Frameworks",
				);
				MARKETING_VERSION = 1.0;
				PRODUCT_BUNDLE_IDENTIFIER = com.caleb.FlashcardsTrainer;
				PRODUCT_NAME = "$(TARGET_NAME)";
				SWIFT_EMIT_LOC_STRINGS = YES;
				SWIFT_VERSION = 5.0;
				TARGETED_DEVICE_FAMILY = "1,2";
			};
			name = Release;
		};
		12C3966E2EAEAC7100688B8A /* Debug */ = {
			isa = XCBuildConfiguration;
			buildSettings = {
				BUNDLE_LOADER = "$(TEST_HOST)";
				CODE_SIGN_STYLE = Automatic;
				CURRENT_PROJECT_VERSION = 1;
				DEVELOPMENT_TEAM = WVJ7R4H8G7;
				GENERATE_INFOPLIST_FILE = YES;
				IPHONEOS_DEPLOYMENT_TARGET = 18.2;
				MARKETING_VERSION = 1.0;
				PRODUCT_BUNDLE_IDENTIFIER = com.caleb.FlashcardsTrainerTests;
				PRODUCT_NAME = "$(TARGET_NAME)";
				SWIFT_EMIT_LOC_STRINGS = NO;
				SWIFT_VERSION = 5.0;
				TARGETED_DEVICE_FAMILY = "1,2";
				TEST_HOST = "$(BUILT_PRODUCTS_DIR)/FlashcardsTrainer.app/$(BUNDLE_EXECUTABLE_FOLDER_PATH)/FlashcardsTrainer";
			};
			name = Debug;
		};
		12C3966F2EAEAC7100688B8A /* Release */ = {
			isa = XCBuildConfiguration;
			buildSettings = {
				BUNDLE_LOADER = "$(TEST_HOST)";
				CODE_SIGN_STYLE = Automatic;
				CURRENT_PROJECT_VERSION = 1;
				DEVELOPMENT_TEAM = WVJ7R4H8G7;
				GENERATE_INFOPLIST_FILE = YES;
				IPHONEOS_DEPLOYMENT_TARGET = 18.2;
				MARKETING_VERSION = 1.0;
				PRODUCT_BUNDLE_IDENTIFIER = com.caleb.FlashcardsTrainerTests;
				PRODUCT_NAME = "$(TARGET_NAME)";
				SWIFT_EMIT_LOC_STRINGS = NO;
				SWIFT_VERSION = 5.0;
				TARGETED_DEVICE_FAMILY = "1,2";
				TEST_HOST = "$(BUILT_PRODUCTS_DIR)/FlashcardsTrainer.app/$(BUNDLE_EXECUTABLE_FOLDER_PATH)/FlashcardsTrainer";
			};
			name = Release;
		};
		12C396712EAEAC7100688B8A /* Debug */ = {
			isa = XCBuildConfiguration;
			buildSettings = {
				CODE_SIGN_STYLE = Automatic;
				CURRENT_PROJECT_VERSION = 1;
				DEVELOPMENT_TEAM = WVJ7R4H8G7;
				GENERATE_INFOPLIST_FILE = YES;
				MARKETING_VERSION = 1.0;
				PRODUCT_BUNDLE_IDENTIFIER = com.caleb.FlashcardsTrainerUITests;
				PRODUCT_NAME = "$(TARGET_NAME)";
				SWIFT_EMIT_LOC_STRINGS = NO;
				SWIFT_VERSION = 5.0;
				TARGETED_DEVICE_FAMILY = "1,2";
				TEST_TARGET_NAME = FlashcardsTrainer;
			};
			name = Debug;
		};
		12C396722EAEAC7100688B8A /* Release */ = {
			isa = XCBuildConfiguration;
			buildSettings = {
				CODE_SIGN_STYLE = Automatic;
				CURRENT_PROJECT_VERSION = 1;
				DEVELOPMENT_TEAM = WVJ7R4H8G7;
				GENERATE_INFOPLIST_FILE = YES;
				MARKETING_VERSION = 1.0;
				PRODUCT_BUNDLE_IDENTIFIER = com.caleb.FlashcardsTrainerUITests;
				PRODUCT_NAME = "$(TARGET_NAME)";
				SWIFT_EMIT_LOC_STRINGS = NO;
				SWIFT_VERSION = 5.0;
				TARGETED_DEVICE_FAMILY = "1,2";
				TEST_TARGET_NAME = FlashcardsTrainer;
			};
			name = Release;
		};
/* End XCBuildConfiguration section */

/* Begin XCConfigurationList section */
		12C396412EAEAC7000688B8A /* Build configuration list for PBXProject "FlashcardsTrainer" */ = {
			isa = XCConfigurationList;
			buildConfigurations = (
				12C396682EAEAC7100688B8A /* Debug */,
				12C396692EAEAC7100688B8A /* Release */,
			);
			defaultConfigurationIsVisible = 0;
			defaultConfigurationName = Release;
		};
		12C3966A2EAEAC7100688B8A /* Build configuration list for PBXNativeTarget "FlashcardsTrainer" */ = {
			isa = XCConfigurationList;
			buildConfigurations = (
				12C3966B2EAEAC7100688B8A /* Debug */,
				12C3966C2EAEAC7100688B8A /* Release */,
			);
			defaultConfigurationIsVisible = 0;
			defaultConfigurationName = Release;
		};
		12C3966D2EAEAC7100688B8A /* Build configuration list for PBXNativeTarget "FlashcardsTrainerTests" */ = {
			isa = XCConfigurationList;
			buildConfigurations = (
				12C3966E2EAEAC7100688B8A /* Debug */,
				12C3966F2EAEAC7100688B8A /* Release */,
			);
			defaultConfigurationIsVisible = 0;
			defaultConfigurationName = Release;
		};
		12C396702EAEAC7100688B8A /* Build configuration list for PBXNativeTarget "FlashcardsTrainerUITests" */ = {
			isa = XCConfigurationList;
			buildConfigurations = (
				12C396712EAEAC7100688B8A /* Debug */,
				12C396722EAEAC7100688B8A /* Release */,
			);
			defaultConfigurationIsVisible = 0;
			defaultConfigurationName = Release;
		};
/* End XCConfigurationList section */
	};
	rootObject = 12C3963E2EAEAC7000688B8A /* Project object */;
}
